
Microsoft Visual Studio Solution File, Format Version 12.00
# Visual Studio Version 16
VisualStudioVersion = 16.0.31613.86
MinimumVisualStudioVersion = 10.0.40219.1
Project("{FAE04EC0-301F-11D3-BF4B-00C04F79EFBC}") = "BulkyWeb", "BulkyWeb\BulkyWeb.csproj", "{2293C0DB-ADF5-41CF-BCB5-CC11C6A0BA56}"
EndProject
Global
	GlobalSection(SolutionConfigurationPlatforms) = preSolution
		Debug|Any CPU = Debug|Any CPU
		Release|Any CPU = Release|Any CPU
	EndGlobalSection
	GlobalSection(ProjectConfigurationPlatforms) = postSolution
		{2293C0DB-ADF5-41CF-BCB5-CC11C6A0BA56}.Debug|Any CPU.ActiveCfg = Debug|Any CPU
		{2293C0DB-ADF5-41CF-BCB5-CC11C6A0BA56}.Debug|Any CPU.Build.0 = Debug|Any CPU
		{2293C0DB-ADF5-41CF-BCB5-CC11C6A0BA56}.Release|Any CPU.ActiveCfg = Release|Any CPU
		{2293C0DB-ADF5-41CF-BCB5-CC11C6A0BA56}.Release|Any CPU.Build.0 = Release|Any CPU
	EndGlobalSection
	GlobalSection(SolutionProperties) = preSolution
		HideSolutionNode = FALSE
	EndGlobalSection
	GlobalSection(ExtensibilityGlobals) = postSolution
		SolutionGuid = {ACDCBAFB-E7AC-4A47-9207-70234D5AB059}
	EndGlobalSection
EndGlobal
