
Microsoft Visual Studio Solution File, Format Version 12.00
# Visual Studio Version 16
VisualStudioVersion = 16.0.31613.86
MinimumVisualStudioVersion = 10.0.40219.1
Project("{9A19103F-16F7-4668-BE54-9A1E7A4F7556}") = "BulkyWeb", "BulkyWeb\BulkyWeb.csproj", "{2293C0DB-ADF5-41CF-BCB5-CC11C6A0BA56}"
EndProject
Project("{FAE04EC0-301F-11D3-BF4B-00C04F79EFBC}") = "Bulky.DataAccess", "Bulky.DataAccess\Bulky.DataAccess.csproj", "{75DB2F68-320C-4CBF-A712-A2507E8B7E85}"
EndProject
Project("{FAE04EC0-301F-11D3-BF4B-00C04F79EFBC}") = "Bulky.Models", "Bulky.Models\Bulky.Models.csproj", "{80FE43C9-560F-43BB-ACC5-FC99C7859978}"
EndProject
Project("{FAE04EC0-301F-11D3-BF4B-00C04F79EFBC}") = "Bulky.Utility", "Bulky.Utility\Bulky.Utility.csproj", "{E17FF6D7-61CF-4250-B78B-B49C833D99CD}"
EndProject
Global
	GlobalSection(SolutionConfigurationPlatforms) = preSolution
		Debug|Any CPU = Debug|Any CPU
		Release|Any CPU = Release|Any CPU
	EndGlobalSection
	GlobalSection(ProjectConfigurationPlatforms) = postSolution
		{2293C0DB-ADF5-41CF-BCB5-CC11C6A0BA56}.Debug|Any CPU.ActiveCfg = Debug|Any CPU
		{2293C0DB-ADF5-41CF-BCB5-CC11C6A0BA56}.Debug|Any CPU.Build.0 = Debug|Any CPU
		{2293C0DB-ADF5-41CF-BCB5-CC11C6A0BA56}.Release|Any CPU.ActiveCfg = Release|Any CPU
		{2293C0DB-ADF5-41CF-BCB5-CC11C6A0BA56}.Release|Any CPU.Build.0 = Release|Any CPU
		{75DB2F68-320C-4CBF-A712-A2507E8B7E85}.Debug|Any CPU.ActiveCfg = Debug|Any CPU
		{75DB2F68-320C-4CBF-A712-A2507E8B7E85}.Debug|Any CPU.Build.0 = Debug|Any CPU
		{75DB2F68-320C-4CBF-A712-A2507E8B7E85}.Release|Any CPU.ActiveCfg = Release|Any CPU
		{75DB2F68-320C-4CBF-A712-A2507E8B7E85}.Release|Any CPU.Build.0 = Release|Any CPU
		{80FE43C9-560F-43BB-ACC5-FC99C7859978}.Debug|Any CPU.ActiveCfg = Debug|Any CPU
		{80FE43C9-560F-43BB-ACC5-FC99C7859978}.Debug|Any CPU.Build.0 = Debug|Any CPU
		{80FE43C9-560F-43BB-ACC5-FC99C7859978}.Release|Any CPU.ActiveCfg = Release|Any CPU
		{80FE43C9-560F-43BB-ACC5-FC99C7859978}.Release|Any CPU.Build.0 = Release|Any CPU
		{E17FF6D7-61CF-4250-B78B-B49C833D99CD}.Debug|Any CPU.ActiveCfg = Debug|Any CPU
		{E17FF6D7-61CF-4250-B78B-B49C833D99CD}.Debug|Any CPU.Build.0 = Debug|Any CPU
		{E17FF6D7-61CF-4250-B78B-B49C833D99CD}.Release|Any CPU.ActiveCfg = Release|Any CPU
		{E17FF6D7-61CF-4250-B78B-B49C833D99CD}.Release|Any CPU.Build.0 = Release|Any CPU
	EndGlobalSection
	GlobalSection(SolutionProperties) = preSolution
		HideSolutionNode = FALSE
	EndGlobalSection
	GlobalSection(ExtensibilityGlobals) = postSolution
		SolutionGuid = {ACDCBAFB-E7AC-4A47-9207-70234D5AB059}
	EndGlobalSection
EndGlobal
